// !$*UTF8*$!
{
	archiveVersion = 1;
	classes = {
	};
	objectVersion = 50;
	objects = {

/* Begin PBXBuildFile section */
		F8F652D222ACF68500B4516D /* AppDelegate.swift in Sources */ = {isa = PBXBuildFile; fileRef = F8F652D122ACF68500B4516D /* AppDelegate.swift */; };
		F8F652D422ACF68500B4516D /* ViewController.swift in Sources */ = {isa = PBXBuildFile; fileRef = F8F652D322ACF68500B4516D /* ViewController.swift */; };
		F8F652D722ACF68500B4516D /* Main.storyboard in Resources */ = {isa = PBXBuildFile; fileRef = F8F652D522ACF68500B4516D /* Main.storyboard */; };
		F8F652D922ACF68800B4516D /* Assets.xcassets in Resources */ = {isa = PBXBuildFile; fileRef = F8F652D822ACF68800B4516D /* Assets.xcassets */; };
		F8F652DC22ACF68800B4516D /* LaunchScreen.storyboard in Resources */ = {isa = PBXBuildFile; fileRef = F8F652DA22ACF68800B4516D /* LaunchScreen.storyboard */; };
		F8F652E722ACF68800B4516D /* SwiftSoapWebServiceTests.swift in Sources */ = {isa = PBXBuildFile; fileRef = F8F652E622ACF68800B4516D /* SwiftSoapWebServiceTests.swift */; };
		F8F652F222ACF68800B4516D /* SwiftSoapWebServiceUITests.swift in Sources */ = {isa = PBXBuildFile; fileRef = F8F652F122ACF68800B4516D /* SwiftSoapWebServiceUITests.swift */; };
/* End PBXBuildFile section */

/* Begin PBXContainerItemProxy section */
		F8F652E322ACF68800B4516D /* PBXContainerItemProxy */ = {
			isa = PBXContainerItemProxy;
			containerPortal = F8F652C622ACF68500B4516D /* Project object */;
			proxyType = 1;
			remoteGlobalIDString = F8F652CD22ACF68500B4516D;
			remoteInfo = SwiftSoapWebService;
		};
		F8F652EE22ACF68800B4516D /* PBXContainerItemProxy */ = {
			isa = PBXContainerItemProxy;
			containerPortal = F8F652C622ACF68500B4516D /* Project object */;
			proxyType = 1;
			remoteGlobalIDString = F8F652CD22ACF68500B4516D;
			remoteInfo = SwiftSoapWebService;
		};
/* End PBXContainerItemProxy section */

/* Begin PBXFileReference section */
		F8F652CE22ACF68500B4516D /* SwiftSoapWebService.app */ = {isa = PBXFileReference; explicitFileType = wrapper.application; includeInIndex = 0; path = SwiftSoapWebService.app; sourceTree = BUILT_PRODUCTS_DIR; };
		F8F652D122ACF68500B4516D /* AppDelegate.swift */ = {isa = PBXFileReference; lastKnownFileType = sourcecode.swift; path = AppDelegate.swift; sourceTree = "<group>"; };
		F8F652D322ACF68500B4516D /* ViewController.swift */ = {isa = PBXFileReference; lastKnownFileType = sourcecode.swift; path = ViewController.swift; sourceTree = "<group>"; };
		F8F652D622ACF68500B4516D /* Base */ = {isa = PBXFileReference; lastKnownFileType = file.storyboard; name = Base; path = Base.lproj/Main.storyboard; sourceTree = "<group>"; };
		F8F652D822ACF68800B4516D /* Assets.xcassets */ = {isa = PBXFileReference; lastKnownFileType = folder.assetcatalog; path = Assets.xcassets; sourceTree = "<group>"; };
		F8F652DB22ACF68800B4516D /* Base */ = {isa = PBXFileReference; lastKnownFileType = file.storyboard; name = Base; path = Base.lproj/LaunchScreen.storyboard; sourceTree = "<group>"; };
		F8F652DD22ACF68800B4516D /* Info.plist */ = {isa = PBXFileReference; lastKnownFileType = text.plist.xml; path = Info.plist; sourceTree = "<group>"; };
		F8F652E222ACF68800B4516D /* SwiftSoapWebServiceTests.xctest */ = {isa = PBXFileReference; explicitFileType = wrapper.cfbundle; includeInIndex = 0; path = SwiftSoapWebServiceTests.xctest; sourceTree = BUILT_PRODUCTS_DIR; };
		F8F652E622ACF68800B4516D /* SwiftSoapWebServiceTests.swift */ = {isa = PBXFileReference; lastKnownFileType = sourcecode.swift; path = SwiftSoapWebServiceTests.swift; sourceTree = "<group>"; };
		F8F652E822ACF68800B4516D /* Info.plist */ = {isa = PBXFileReference; lastKnownFileType = text.plist.xml; path = Info.plist; sourceTree = "<group>"; };
		F8F652ED22ACF68800B4516D /* SwiftSoapWebServiceUITests.xctest */ = {isa = PBXFileReference; explicitFileType = wrapper.cfbundle; includeInIndex = 0; path = SwiftSoapWebServiceUITests.xctest; sourceTree = BUILT_PRODUCTS_DIR; };
		F8F652F122ACF68800B4516D /* SwiftSoapWebServiceUITests.swift */ = {isa = PBXFileReference; lastKnownFileType = sourcecode.swift; path = SwiftSoapWebServiceUITests.swift; sourceTree = "<group>"; };
		F8F652F322ACF68800B4516D /* Info.plist */ = {isa = PBXFileReference; lastKnownFileType = text.plist.xml; path = Info.plist; sourceTree = "<group>"; };
/* End PBXFileReference section */

/* Begin PBXFrameworksBuildPhase section */
		F8F652CB22ACF68500B4516D /* Frameworks */ = {
			isa = PBXFrameworksBuildPhase;
			buildActionMask = 2147483647;
			files = (
			);
			runOnlyForDeploymentPostprocessing = 0;
		};
		F8F652DF22ACF68800B4516D /* Frameworks */ = {
			isa = PBXFrameworksBuildPhase;
			buildActionMask = 2147483647;
			files = (
			);
			runOnlyForDeploymentPostprocessing = 0;
		};
		F8F652EA22ACF68800B4516D /* Frameworks */ = {
			isa = PBXFrameworksBuildPhase;
			buildActionMask = 2147483647;
			files = (
			);
			runOnlyForDeploymentPostprocessing = 0;
		};
/* End PBXFrameworksBuildPhase section */

/* Begin PBXGroup section */
		F8F652C522ACF68500B4516D = {
			isa = PBXGroup;
			children = (
				F8F652D022ACF68500B4516D /* SwiftSoapWebService */,
				F8F652E522ACF68800B4516D /* SwiftSoapWebServiceTests */,
				F8F652F022ACF68800B4516D /* SwiftSoapWebServiceUITests */,
				F8F652CF22ACF68500B4516D /* Products */,
			);
			sourceTree = "<group>";
		};
		F8F652CF22ACF68500B4516D /* Products */ = {
			isa = PBXGroup;
			children = (
				F8F652CE22ACF68500B4516D /* SwiftSoapWebService.app */,
				F8F652E222ACF68800B4516D /* SwiftSoapWebServiceTests.xctest */,
				F8F652ED22ACF68800B4516D /* SwiftSoapWebServiceUITests.xctest */,
			);
			name = Products;
			sourceTree = "<group>";
		};
		F8F652D022ACF68500B4516D /* SwiftSoapWebService */ = {
			isa = PBXGroup;
			children = (
				F8F652D122ACF68500B4516D /* AppDelegate.swift */,
				F8F652D322ACF68500B4516D /* ViewController.swift */,
				F8F652D522ACF68500B4516D /* Main.storyboard */,
				F8F652D822ACF68800B4516D /* Assets.xcassets */,
				F8F652DA22ACF68800B4516D /* LaunchScreen.storyboard */,
				F8F652DD22ACF68800B4516D /* Info.plist */,
			);
			path = SwiftSoapWebService;
			sourceTree = "<group>";
		};
		F8F652E522ACF68800B4516D /* SwiftSoapWebServiceTests */ = {
			isa = PBXGroup;
			children = (
				F8F652E622ACF68800B4516D /* SwiftSoapWebServiceTests.swift */,
				F8F652E822ACF68800B4516D /* Info.plist */,
			);
			path = SwiftSoapWebServiceTests;
			sourceTree = "<group>";
		};
		F8F652F022ACF68800B4516D /* SwiftSoapWebServiceUITests */ = {
			isa = PBXGroup;
			children = (
				F8F652F122ACF68800B4516D /* SwiftSoapWebServiceUITests.swift */,
				F8F652F322ACF68800B4516D /* Info.plist */,
			);
			path = SwiftSoapWebServiceUITests;
			sourceTree = "<group>";
		};
/* End PBXGroup section */

/* Begin PBXNativeTarget section */
		F8F652CD22ACF68500B4516D /* SwiftSoapWebService */ = {
			isa = PBXNativeTarget;
			buildConfigurationList = F8F652F622ACF68800B4516D /* Build configuration list for PBXNativeTarget "SwiftSoapWebService" */;
			buildPhases = (
				F8F652CA22ACF68500B4516D /* Sources */,
				F8F652CB22ACF68500B4516D /* Frameworks */,
				F8F652CC22ACF68500B4516D /* Resources */,
			);
			buildRules = (
			);
			dependencies = (
			);
			name = SwiftSoapWebService;
			productName = SwiftSoapWebService;
			productReference = F8F652CE22ACF68500B4516D /* SwiftSoapWebService.app */;
			productType = "com.apple.product-type.application";
		};
		F8F652E122ACF68800B4516D /* SwiftSoapWebServiceTests */ = {
			isa = PBXNativeTarget;
			buildConfigurationList = F8F652F922ACF68800B4516D /* Build configuration list for PBXNativeTarget "SwiftSoapWebServiceTests" */;
			buildPhases = (
				F8F652DE22ACF68800B4516D /* Sources */,
				F8F652DF22ACF68800B4516D /* Frameworks */,
				F8F652E022ACF68800B4516D /* Resources */,
			);
			buildRules = (
			);
			dependencies = (
				F8F652E422ACF68800B4516D /* PBXTargetDependency */,
			);
			name = SwiftSoapWebServiceTests;
			productName = SwiftSoapWebServiceTests;
			productReference = F8F652E222ACF68800B4516D /* SwiftSoapWebServiceTests.xctest */;
			productType = "com.apple.product-type.bundle.unit-test";
		};
		F8F652EC22ACF68800B4516D /* SwiftSoapWebServiceUITests */ = {
			isa = PBXNativeTarget;
			buildConfigurationList = F8F652FC22ACF68800B4516D /* Build configuration list for PBXNativeTarget "SwiftSoapWebServiceUITests" */;
			buildPhases = (
				F8F652E922ACF68800B4516D /* Sources */,
				F8F652EA22ACF68800B4516D /* Frameworks */,
				F8F652EB22ACF68800B4516D /* Resources */,
			);
			buildRules = (
			);
			dependencies = (
				F8F652EF22ACF68800B4516D /* PBXTargetDependency */,
			);
			name = SwiftSoapWebServiceUITests;
			productName = SwiftSoapWebServiceUITests;
			productReference = F8F652ED22ACF68800B4516D /* SwiftSoapWebServiceUITests.xctest */;
			productType = "com.apple.product-type.bundle.ui-testing";
		};
/* End PBXNativeTarget section */

/* Begin PBXProject section */
		F8F652C622ACF68500B4516D /* Project object */ = {
			isa = PBXProject;
			attributes = {
				LastSwiftUpdateCheck = 1020;
				LastUpgradeCheck = 1020;
				ORGANIZATIONNAME = "abid hussain";
				TargetAttributes = {
					F8F652CD22ACF68500B4516D = {
						CreatedOnToolsVersion = 10.2.1;
					};
					F8F652E122ACF68800B4516D = {
						CreatedOnToolsVersion = 10.2.1;
						TestTargetID = F8F652CD22ACF68500B4516D;
					};
					F8F652EC22ACF68800B4516D = {
						CreatedOnToolsVersion = 10.2.1;
						TestTargetID = F8F652CD22ACF68500B4516D;
					};
				};
			};
			buildConfigurationList = F8F652C922ACF68500B4516D /* Build configuration list for PBXProject "SwiftSoapWebService" */;
			compatibilityVersion = "Xcode 9.3";
			developmentRegion = en;
			hasScannedForEncodings = 0;
			knownRegions = (
				en,
				Base,
			);
			mainGroup = F8F652C522ACF68500B4516D;
			productRefGroup = F8F652CF22ACF68500B4516D /* Products */;
			projectDirPath = "";
			projectRoot = "";
			targets = (
				F8F652CD22ACF68500B4516D /* SwiftSoapWebService */,
				F8F652E122ACF68800B4516D /* SwiftSoapWebServiceTests */,
				F8F652EC22ACF68800B4516D /* SwiftSoapWebServiceUITests */,
			);
		};
/* End PBXProject section */

/* Begin PBXResourcesBuildPhase section */
		F8F652CC22ACF68500B4516D /* Resources */ = {
			isa = PBXResourcesBuildPhase;
			buildActionMask = 2147483647;
			files = (
				F8F652DC22ACF68800B4516D /* LaunchScreen.storyboard in Resources */,
				F8F652D922ACF68800B4516D /* Assets.xcassets in Resources */,
				F8F652D722ACF68500B4516D /* Main.storyboard in Resources */,
			);
			runOnlyForDeploymentPostprocessing = 0;
		};
		F8F652E022ACF68800B4516D /* Resources */ = {
			isa = PBXResourcesBuildPhase;
			buildActionMask = 2147483647;
			files = (
			);
			runOnlyForDeploymentPostprocessing = 0;
		};
		F8F652EB22ACF68800B4516D /* Resources */ = {
			isa = PBXResourcesBuildPhase;
			buildActionMask = 2147483647;
			files = (
			);
			runOnlyForDeploymentPostprocessing = 0;
		};
/* End PBXResourcesBuildPhase section */

/* Begin PBXSourcesBuildPhase section */
		F8F652CA22ACF68500B4516D /* Sources */ = {
			isa = PBXSourcesBuildPhase;
			buildActionMask = 2147483647;
			files = (
				F8F652D422ACF68500B4516D /* ViewController.swift in Sources */,
				F8F652D222ACF68500B4516D /* AppDelegate.swift in Sources */,
			);
			runOnlyForDeploymentPostprocessing = 0;
		};
		F8F652DE22ACF68800B4516D /* Sources */ = {
			isa = PBXSourcesBuildPhase;
			buildActionMask = 2147483647;
			files = (
				F8F652E722ACF68800B4516D /* SwiftSoapWebServiceTests.swift in Sources */,
			);
			runOnlyForDeploymentPostprocessing = 0;
		};
		F8F652E922ACF68800B4516D /* Sources */ = {
			isa = PBXSourcesBuildPhase;
			buildActionMask = 2147483647;
			files = (
				F8F652F222ACF68800B4516D /* SwiftSoapWebServiceUITests.swift in Sources */,
			);
			runOnlyForDeploymentPostprocessing = 0;
		};
/* End PBXSourcesBuildPhase section */

/* Begin PBXTargetDependency section */
		F8F652E422ACF68800B4516D /* PBXTargetDependency */ = {
			isa = PBXTargetDependency;
			target = F8F652CD22ACF68500B4516D /* SwiftSoapWebService */;
			targetProxy = F8F652E322ACF68800B4516D /* PBXContainerItemProxy */;
		};
		F8F652EF22ACF68800B4516D /* PBXTargetDependency */ = {
			isa = PBXTargetDependency;
			target = F8F652CD22ACF68500B4516D /* SwiftSoapWebService */;
			targetProxy = F8F652EE22ACF68800B4516D /* PBXContainerItemProxy */;
		};
/* End PBXTargetDependency section */

/* Begin PBXVariantGroup section */
		F8F652D522ACF68500B4516D /* Main.storyboard */ = {
			isa = PBXVariantGroup;
			children = (
				F8F652D622ACF68500B4516D /* Base */,
			);
			name = Main.storyboard;
			sourceTree = "<group>";
		};
		F8F652DA22ACF68800B4516D /* LaunchScreen.storyboard */ = {
			isa = PBXVariantGroup;
			children = (
				F8F652DB22ACF68800B4516D /* Base */,
			);
			name = LaunchScreen.storyboard;
			sourceTree = "<group>";
		};
/* End PBXVariantGroup section */

/* Begin XCBuildConfiguration section */
		F8F652F422ACF68800B4516D /* Debug */ = {
			isa = XCBuildConfiguration;
			buildSettings = {
				ALWAYS_SEARCH_USER_PATHS = NO;
				CLANG_ANALYZER_NONNULL = YES;
				CLANG_ANALYZER_NUMBER_OBJECT_CONVERSION = YES_AGGRESSIVE;
				CLANG_CXX_LANGUAGE_STANDARD = "gnu++14";
				CLANG_CXX_LIBRARY = "libc++";
				CLANG_ENABLE_MODULES = YES;
				CLANG_ENABLE_OBJC_ARC = YES;
				CLANG_ENABLE_OBJC_WEAK = YES;
				CLANG_WARN_BLOCK_CAPTURE_AUTORELEASING = YES;
				CLANG_WARN_BOOL_CONVERSION = YES;
				CLANG_WARN_COMMA = YES;
				CLANG_WARN_CONSTANT_CONVERSION = YES;
				CLANG_WARN_DEPRECATED_OBJC_IMPLEMENTATIONS = YES;
				CLANG_WARN_DIRECT_OBJC_ISA_USAGE = YES_ERROR;
				CLANG_WARN_DOCUMENTATION_COMMENTS = YES;
				CLANG_WARN_EMPTY_BODY = YES;
				CLANG_WARN_ENUM_CONVERSION = YES;
				CLANG_WARN_INFINITE_RECURSION = YES;
				CLANG_WARN_INT_CONVERSION = YES;
				CLANG_WARN_NON_LITERAL_NULL_CONVERSION = YES;
				CLANG_WARN_OBJC_IMPLICIT_RETAIN_SELF = YES;
				CLANG_WARN_OBJC_LITERAL_CONVERSION = YES;
				CLANG_WARN_OBJC_ROOT_CLASS = YES_ERROR;
				CLANG_WARN_RANGE_LOOP_ANALYSIS = YES;
				CLANG_WARN_STRICT_PROTOTYPES = YES;
				CLANG_WARN_SUSPICIOUS_MOVE = YES;
				CLANG_WARN_UNGUARDED_AVAILABILITY = YES_AGGRESSIVE;
				CLANG_WARN_UNREACHABLE_CODE = YES;
				CLANG_WARN__DUPLICATE_METHOD_MATCH = YES;
				CODE_SIGN_IDENTITY = "iPhone Developer";
				COPY_PHASE_STRIP = NO;
				DEBUG_INFORMATION_FORMAT = dwarf;
				ENABLE_STRICT_OBJC_MSGSEND = YES;
				ENABLE_TESTABILITY = YES;
				GCC_C_LANGUAGE_STANDARD = gnu11;
				GCC_DYNAMIC_NO_PIC = NO;
				GCC_NO_COMMON_BLOCKS = YES;
				GCC_OPTIMIZATION_LEVEL = 0;
				GCC_PREPROCESSOR_DEFINITIONS = (
					"DEBUG=1",
					"$(inherited)",
				);
				GCC_WARN_64_TO_32_BIT_CONVERSION = YES;
				GCC_WARN_ABOUT_RETURN_TYPE = YES_ERROR;
				GCC_WARN_UNDECLARED_SELECTOR = YES;
				GCC_WARN_UNINITIALIZED_AUTOS = YES_AGGRESSIVE;
				GCC_WARN_UNUSED_FUNCTION = YES;
				GCC_WARN_UNUSED_VARIABLE = YES;
				IPHONEOS_DEPLOYMENT_TARGET = 12.2;
				MTL_ENABLE_DEBUG_INFO = INCLUDE_SOURCE;
				MTL_FAST_MATH = YES;
				ONLY_ACTIVE_ARCH = YES;
				SDKROOT = iphoneos;
				SWIFT_ACTIVE_COMPILATION_CONDITIONS = DEBUG;
				SWIFT_OPTIMIZATION_LEVEL = "-Onone";
			};
			name = Debug;
		};
		F8F652F522ACF68800B4516D /* Release */ = {
			isa = XCBuildConfiguration;
			buildSettings = {
				ALWAYS_SEARCH_USER_PATHS = NO;
				CLANG_ANALYZER_NONNULL = YES;
				CLANG_ANALYZER_NUMBER_OBJECT_CONVERSION = YES_AGGRESSIVE;
				CLANG_CXX_LANGUAGE_STANDARD = "gnu++14";
				CLANG_CXX_LIBRARY = "libc++";
				CLANG_ENABLE_MODULES = YES;
				CLANG_ENABLE_OBJC_ARC = YES;
				CLANG_ENABLE_OBJC_WEAK = YES;
				CLANG_WARN_BLOCK_CAPTURE_AUTORELEASING = YES;
				CLANG_WARN_BOOL_CONVERSION = YES;
				CLANG_WARN_COMMA = YES;
				CLANG_WARN_CONSTANT_CONVERSION = YES;
				CLANG_WARN_DEPRECATED_OBJC_IMPLEMENTATIONS = YES;
				CLANG_WARN_DIRECT_OBJC_ISA_USAGE = YES_ERROR;
				CLANG_WARN_DOCUMENTATION_COMMENTS = YES;
				CLANG_WARN_EMPTY_BODY = YES;
				CLANG_WARN_ENUM_CONVERSION = YES;
				CLANG_WARN_INFINITE_RECURSION = YES;
				CLANG_WARN_INT_CONVERSION = YES;
				CLANG_WARN_NON_LITERAL_NULL_CONVERSION = YES;
				CLANG_WARN_OBJC_IMPLICIT_RETAIN_SELF = YES;
				CLANG_WARN_OBJC_LITERAL_CONVERSION = YES;
				CLANG_WARN_OBJC_ROOT_CLASS = YES_ERROR;
				CLANG_WARN_RANGE_LOOP_ANALYSIS = YES;
				CLANG_WARN_STRICT_PROTOTYPES = YES;
				CLANG_WARN_SUSPICIOUS_MOVE = YES;
				CLANG_WARN_UNGUARDED_AVAILABILITY = YES_AGGRESSIVE;
				CLANG_WARN_UNREACHABLE_CODE = YES;
				CLANG_WARN__DUPLICATE_METHOD_MATCH = YES;
				CODE_SIGN_IDENTITY = "iPhone Developer";
				COPY_PHASE_STRIP = NO;
				DEBUG_INFORMATION_FORMAT = "dwarf-with-dsym";
				ENABLE_NS_ASSERTIONS = NO;
				ENABLE_STRICT_OBJC_MSGSEND = YES;
				GCC_C_LANGUAGE_STANDARD = gnu11;
				GCC_NO_COMMON_BLOCKS = YES;
				GCC_WARN_64_TO_32_BIT_CONVERSION = YES;
				GCC_WARN_ABOUT_RETURN_TYPE = YES_ERROR;
				GCC_WARN_UNDECLARED_SELECTOR = YES;
				GCC_WARN_UNINITIALIZED_AUTOS = YES_AGGRESSIVE;
				GCC_WARN_UNUSED_FUNCTION = YES;
				GCC_WARN_UNUSED_VARIABLE = YES;
				IPHONEOS_DEPLOYMENT_TARGET = 12.2;
				MTL_ENABLE_DEBUG_INFO = NO;
				MTL_FAST_MATH = YES;
				SDKROOT = iphoneos;
				SWIFT_COMPILATION_MODE = wholemodule;
				SWIFT_OPTIMIZATION_LEVEL = "-O";
				VALIDATE_PRODUCT = YES;
			};
			name = Release;
		};
		F8F652F722ACF68800B4516D /* Debug */ = {
			isa = XCBuildConfiguration;
			buildSettings = {
				ASSETCATALOG_COMPILER_APPICON_NAME = AppIcon;
				CODE_SIGN_STYLE = Automatic;
				INFOPLIST_FILE = SwiftSoapWebService/Info.plist;
				LD_RUNPATH_SEARCH_PATHS = (
					"$(inherited)",
					"@executable_path/Frameworks",
				);
				PRODUCT_BUNDLE_IDENTIFIER = com.ing.SwiftSoapWebService;
				PRODUCT_NAME = "$(TARGET_NAME)";
				SWIFT_VERSION = 4.0;
				TARGETED_DEVICE_FAMILY = "1,2";
			};
			name = Debug;
		};
		F8F652F822ACF68800B4516D /* Release */ = {
			isa = XCBuildConfiguration;
			buildSettings = {
				ASSETCATALOG_COMPILER_APPICON_NAME = AppIcon;
				CODE_SIGN_STYLE = Automatic;
				INFOPLIST_FILE = SwiftSoapWebService/Info.plist;
				LD_RUNPATH_SEARCH_PATHS = (
					"$(inherited)",
					"@executable_path/Frameworks",
				);
				PRODUCT_BUNDLE_IDENTIFIER = com.ing.SwiftSoapWebService;
				PRODUCT_NAME = "$(TARGET_NAME)";
				SWIFT_VERSION = 4.0;
				TARGETED_DEVICE_FAMILY = "1,2";
			};
			name = Release;
		};
		F8F652FA22ACF68800B4516D /* Debug */ = {
			isa = XCBuildConfiguration;
			buildSettings = {
				ALWAYS_EMBED_SWIFT_STANDARD_LIBRARIES = YES;
				BUNDLE_LOADER = "$(TEST_HOST)";
				CODE_SIGN_STYLE = Automatic;
				INFOPLIST_FILE = SwiftSoapWebServiceTests/Info.plist;
				LD_RUNPATH_SEARCH_PATHS = (
					"$(inherited)",
					"@executable_path/Frameworks",
					"@loader_path/Frameworks",
				);
				PRODUCT_BUNDLE_IDENTIFIER = com.ing.SwiftSoapWebServiceTests;
				PRODUCT_NAME = "$(TARGET_NAME)";
				SWIFT_VERSION = 5.0;
				TARGETED_DEVICE_FAMILY = "1,2";
				TEST_HOST = "$(BUILT_PRODUCTS_DIR)/SwiftSoapWebService.app/SwiftSoapWebService";
			};
			name = Debug;
		};
		F8F652FB22ACF68800B4516D /* Release */ = {
			isa = XCBuildConfiguration;
			buildSettings = {
				ALWAYS_EMBED_SWIFT_STANDARD_LIBRARIES = YES;
				BUNDLE_LOADER = "$(TEST_HOST)";
				CODE_SIGN_STYLE = Automatic;
				INFOPLIST_FILE = SwiftSoapWebServiceTests/Info.plist;
				LD_RUNPATH_SEARCH_PATHS = (
					"$(inherited)",
					"@executable_path/Frameworks",
					"@loader_path/Frameworks",
				);
				PRODUCT_BUNDLE_IDENTIFIER = com.ing.SwiftSoapWebServiceTests;
				PRODUCT_NAME = "$(TARGET_NAME)";
				SWIFT_VERSION = 5.0;
				TARGETED_DEVICE_FAMILY = "1,2";
				TEST_HOST = "$(BUILT_PRODUCTS_DIR)/SwiftSoapWebService.app/SwiftSoapWebService";
			};
			name = Release;
		};
		F8F652FD22ACF68800B4516D /* Debug */ = {
			isa = XCBuildConfiguration;
			buildSettings = {
				ALWAYS_EMBED_SWIFT_STANDARD_LIBRARIES = YES;
				CODE_SIGN_STYLE = Automatic;
				INFOPLIST_FILE = SwiftSoapWebServiceUITests/Info.plist;
				LD_RUNPATH_SEARCH_PATHS = (
					"$(inherited)",
					"@executable_path/Frameworks",
					"@loader_path/Frameworks",
				);
				PRODUCT_BUNDLE_IDENTIFIER = com.ing.SwiftSoapWebServiceUITests;
				PRODUCT_NAME = "$(TARGET_NAME)";
				SWIFT_VERSION = 5.0;
				TARGETED_DEVICE_FAMILY = "1,2";
				TEST_TARGET_NAME = SwiftSoapWebService;
			};
			name = Debug;
		};
		F8F652FE22ACF68800B4516D /* Release */ = {
			isa = XCBuildConfiguration;
			buildSettings = {
				ALWAYS_EMBED_SWIFT_STANDARD_LIBRARIES = YES;
				CODE_SIGN_STYLE = Automatic;
				INFOPLIST_FILE = SwiftSoapWebServiceUITests/Info.plist;
				LD_RUNPATH_SEARCH_PATHS = (
					"$(inherited)",
					"@executable_path/Frameworks",
					"@loader_path/Frameworks",
				);
				PRODUCT_BUNDLE_IDENTIFIER = com.ing.SwiftSoapWebServiceUITests;
				PRODUCT_NAME = "$(TARGET_NAME)";
				SWIFT_VERSION = 5.0;
				TARGETED_DEVICE_FAMILY = "1,2";
				TEST_TARGET_NAME = SwiftSoapWebService;
			};
			name = Release;
		};
/* End XCBuildConfiguration section */

/* Begin XCConfigurationList section */
		F8F652C922ACF68500B4516D /* Build configuration list for PBXProject "SwiftSoapWebService" */ = {
			isa = XCConfigurationList;
			buildConfigurations = (
				F8F652F422ACF68800B4516D /* Debug */,
				F8F652F522ACF68800B4516D /* Release */,
			);
			defaultConfigurationIsVisible = 0;
			defaultConfigurationName = Release;
		};
		F8F652F622ACF68800B4516D /* Build configuration list for PBXNativeTarget "SwiftSoapWebService" */ = {
			isa = XCConfigurationList;
			buildConfigurations = (
				F8F652F722ACF68800B4516D /* Debug */,
				F8F652F822ACF68800B4516D /* Release */,
			);
			defaultConfigurationIsVisible = 0;
			defaultConfigurationName = Release;
		};
		F8F652F922ACF68800B4516D /* Build configuration list for PBXNativeTarget "SwiftSoapWebServiceTests" */ = {
			isa = XCConfigurationList;
			buildConfigurations = (
				F8F652FA22ACF68800B4516D /* Debug */,
				F8F652FB22ACF68800B4516D /* Release */,
			);
			defaultConfigurationIsVisible = 0;
			defaultConfigurationName = Release;
		};
		F8F652FC22ACF68800B4516D /* Build configuration list for PBXNativeTarget "SwiftSoapWebServiceUITests" */ = {
			isa = XCConfigurationList;
			buildConfigurations = (
				F8F652FD22ACF68800B4516D /* Debug */,
				F8F652FE22ACF68800B4516D /* Release */,
			);
			defaultConfigurationIsVisible = 0;
			defaultConfigurationName = Release;
		};
/* End XCConfigurationList section */
	};
	rootObject = F8F652C622ACF68500B4516D /* Project object */;
}
